// !$*UTF8*$!
{
	archiveVersion = 1;
	classes = {
	};
	objectVersion = 55;
	objects = {

/* Begin PBXBuildFile section */
		B5B840E4292B1D9400CFF196 /* RealEstateApp.swift in Sources */ = {isa = PBXBuildFile; fileRef = B5B840E3292B1D9400CFF196 /* RealEstateApp.swift */; };
		B5B840E6292B1D9400CFF196 /* ContentView.swift in Sources */ = {isa = PBXBuildFile; fileRef = B5B840E5292B1D9400CFF196 /* ContentView.swift */; };
		B5B840E8292B1D9600CFF196 /* Assets.xcassets in Resources */ = {isa = PBXBuildFile; fileRef = B5B840E7292B1D9600CFF196 /* Assets.xcassets */; };
		B5B840EB292B1D9600CFF196 /* Preview Assets.xcassets in Resources */ = {isa = PBXBuildFile; fileRef = B5B840EA292B1D9600CFF196 /* Preview Assets.xcassets */; };
		B5B840F5292B1D9600CFF196 /* RealEstateTests.swift in Sources */ = {isa = PBXBuildFile; fileRef = B5B840F4292B1D9600CFF196 /* RealEstateTests.swift */; };
		B5B840FF292B1D9600CFF196 /* RealEstateUITests.swift in Sources */ = {isa = PBXBuildFile; fileRef = B5B840FE292B1D9600CFF196 /* RealEstateUITests.swift */; };
		B5B84101292B1D9600CFF196 /* RealEstateUITestsLaunchTests.swift in Sources */ = {isa = PBXBuildFile; fileRef = B5B84100292B1D9600CFF196 /* RealEstateUITestsLaunchTests.swift */; };
/* End PBXBuildFile section */

/* Begin PBXContainerItemProxy section */
		B5B840F1292B1D9600CFF196 /* PBXContainerItemProxy */ = {
			isa = PBXContainerItemProxy;
			containerPortal = B5B840D8292B1D9400CFF196 /* Project object */;
			proxyType = 1;
			remoteGlobalIDString = B5B840DF292B1D9400CFF196;
			remoteInfo = RealEstate;
		};
		B5B840FB292B1D9600CFF196 /* PBXContainerItemProxy */ = {
			isa = PBXContainerItemProxy;
			containerPortal = B5B840D8292B1D9400CFF196 /* Project object */;
			proxyType = 1;
			remoteGlobalIDString = B5B840DF292B1D9400CFF196;
			remoteInfo = RealEstate;
		};
/* End PBXContainerItemProxy section */

/* Begin PBXFileReference section */
		B5B840E0292B1D9400CFF196 /* RealEstate.app */ = {isa = PBXFileReference; explicitFileType = wrapper.application; includeInIndex = 0; path = RealEstate.app; sourceTree = BUILT_PRODUCTS_DIR; };
		B5B840E3292B1D9400CFF196 /* RealEstateApp.swift */ = {isa = PBXFileReference; lastKnownFileType = sourcecode.swift; path = RealEstateApp.swift; sourceTree = "<group>"; };
		B5B840E5292B1D9400CFF196 /* ContentView.swift */ = {isa = PBXFileReference; lastKnownFileType = sourcecode.swift; path = ContentView.swift; sourceTree = "<group>"; };
		B5B840E7292B1D9600CFF196 /* Assets.xcassets */ = {isa = PBXFileReference; lastKnownFileType = folder.assetcatalog; path = Assets.xcassets; sourceTree = "<group>"; };
		B5B840EA292B1D9600CFF196 /* Preview Assets.xcassets */ = {isa = PBXFileReference; lastKnownFileType = folder.assetcatalog; path = "Preview Assets.xcassets"; sourceTree = "<group>"; };
		B5B840F0292B1D9600CFF196 /* RealEstateTests.xctest */ = {isa = PBXFileReference; explicitFileType = wrapper.cfbundle; includeInIndex = 0; path = RealEstateTests.xctest; sourceTree = BUILT_PRODUCTS_DIR; };
		B5B840F4292B1D9600CFF196 /* RealEstateTests.swift */ = {isa = PBXFileReference; lastKnownFileType = sourcecode.swift; path = RealEstateTests.swift; sourceTree = "<group>"; };
		B5B840FA292B1D9600CFF196 /* RealEstateUITests.xctest */ = {isa = PBXFileReference; explicitFileType = wrapper.cfbundle; includeInIndex = 0; path = RealEstateUITests.xctest; sourceTree = BUILT_PRODUCTS_DIR; };
		B5B840FE292B1D9600CFF196 /* RealEstateUITests.swift */ = {isa = PBXFileReference; lastKnownFileType = sourcecode.swift; path = RealEstateUITests.swift; sourceTree = "<group>"; };
		B5B84100292B1D9600CFF196 /* RealEstateUITestsLaunchTests.swift */ = {isa = PBXFileReference; lastKnownFileType = sourcecode.swift; path = RealEstateUITestsLaunchTests.swift; sourceTree = "<group>"; };
/* End PBXFileReference section */

/* Begin PBXFrameworksBuildPhase section */
		B5B840DD292B1D9400CFF196 /* Frameworks */ = {
			isa = PBXFrameworksBuildPhase;
			buildActionMask = 2147483647;
			files = (
			);
			runOnlyForDeploymentPostprocessing = 0;
		};
		B5B840ED292B1D9600CFF196 /* Frameworks */ = {
			isa = PBXFrameworksBuildPhase;
			buildActionMask = 2147483647;
			files = (
			);
			runOnlyForDeploymentPostprocessing = 0;
		};
		B5B840F7292B1D9600CFF196 /* Frameworks */ = {
			isa = PBXFrameworksBuildPhase;
			buildActionMask = 2147483647;
			files = (
			);
			runOnlyForDeploymentPostprocessing = 0;
		};
/* End PBXFrameworksBuildPhase section */

/* Begin PBXGroup section */
		B5B840D7292B1D9400CFF196 = {
			isa = PBXGroup;
			children = (
				B5B840E2292B1D9400CFF196 /* RealEstate */,
				B5B840F3292B1D9600CFF196 /* RealEstateTests */,
				B5B840FD292B1D9600CFF196 /* RealEstateUITests */,
				B5B840E1292B1D9400CFF196 /* Products */,
			);
			sourceTree = "<group>";
		};
		B5B840E1292B1D9400CFF196 /* Products */ = {
			isa = PBXGroup;
			children = (
				B5B840E0292B1D9400CFF196 /* RealEstate.app */,
				B5B840F0292B1D9600CFF196 /* RealEstateTests.xctest */,
				B5B840FA292B1D9600CFF196 /* RealEstateUITests.xctest */,
			);
			name = Products;
			sourceTree = "<group>";
		};
		B5B840E2292B1D9400CFF196 /* RealEstate */ = {
			isa = PBXGroup;
			children = (
				B5B840E3292B1D9400CFF196 /* RealEstateApp.swift */,
				B5B840E5292B1D9400CFF196 /* ContentView.swift */,
				B5B840E7292B1D9600CFF196 /* Assets.xcassets */,
				B5B840E9292B1D9600CFF196 /* Preview Content */,
			);
			path = RealEstate;
			sourceTree = "<group>";
		};
		B5B840E9292B1D9600CFF196 /* Preview Content */ = {
			isa = PBXGroup;
			children = (
				B5B840EA292B1D9600CFF196 /* Preview Assets.xcassets */,
			);
			path = "Preview Content";
			sourceTree = "<group>";
		};
		B5B840F3292B1D9600CFF196 /* RealEstateTests */ = {
			isa = PBXGroup;
			children = (
				B5B840F4292B1D9600CFF196 /* RealEstateTests.swift */,
			);
			path = RealEstateTests;
			sourceTree = "<group>";
		};
		B5B840FD292B1D9600CFF196 /* RealEstateUITests */ = {
			isa = PBXGroup;
			children = (
				B5B840FE292B1D9600CFF196 /* RealEstateUITests.swift */,
				B5B84100292B1D9600CFF196 /* RealEstateUITestsLaunchTests.swift */,
			);
			path = RealEstateUITests;
			sourceTree = "<group>";
		};
/* End PBXGroup section */

/* Begin PBXNativeTarget section */
		B5B840DF292B1D9400CFF196 /* RealEstate */ = {
			isa = PBXNativeTarget;
			buildConfigurationList = B5B84104292B1D9600CFF196 /* Build configuration list for PBXNativeTarget "RealEstate" */;
			buildPhases = (
				B5B840DC292B1D9400CFF196 /* Sources */,
				B5B840DD292B1D9400CFF196 /* Frameworks */,
				B5B840DE292B1D9400CFF196 /* Resources */,
			);
			buildRules = (
			);
			dependencies = (
			);
			name = RealEstate;
			productName = RealEstate;
			productReference = B5B840E0292B1D9400CFF196 /* RealEstate.app */;
			productType = "com.apple.product-type.application";
		};
		B5B840EF292B1D9600CFF196 /* RealEstateTests */ = {
			isa = PBXNativeTarget;
			buildConfigurationList = B5B84107292B1D9600CFF196 /* Build configuration list for PBXNativeTarget "RealEstateTests" */;
			buildPhases = (
				B5B840EC292B1D9600CFF196 /* Sources */,
				B5B840ED292B1D9600CFF196 /* Frameworks */,
				B5B840EE292B1D9600CFF196 /* Resources */,
			);
			buildRules = (
			);
			dependencies = (
				B5B840F2292B1D9600CFF196 /* PBXTargetDependency */,
			);
			name = RealEstateTests;
			productName = RealEstateTests;
			productReference = B5B840F0292B1D9600CFF196 /* RealEstateTests.xctest */;
			productType = "com.apple.product-type.bundle.unit-test";
		};
		B5B840F9292B1D9600CFF196 /* RealEstateUITests */ = {
			isa = PBXNativeTarget;
			buildConfigurationList = B5B8410A292B1D9600CFF196 /* Build configuration list for PBXNativeTarget "RealEstateUITests" */;
			buildPhases = (
				B5B840F6292B1D9600CFF196 /* Sources */,
				B5B840F7292B1D9600CFF196 /* Frameworks */,
				B5B840F8292B1D9600CFF196 /* Resources */,
			);
			buildRules = (
			);
			dependencies = (
				B5B840FC292B1D9600CFF196 /* PBXTargetDependency */,
			);
			name = RealEstateUITests;
			productName = RealEstateUITests;
			productReference = B5B840FA292B1D9600CFF196 /* RealEstateUITests.xctest */;
			productType = "com.apple.product-type.bundle.ui-testing";
		};
/* End PBXNativeTarget section */

/* Begin PBXProject section */
		B5B840D8292B1D9400CFF196 /* Project object */ = {
			isa = PBXProject;
			attributes = {
				BuildIndependentTargetsInParallel = 1;
				LastSwiftUpdateCheck = 1340;
				LastUpgradeCheck = 1340;
				TargetAttributes = {
					B5B840DF292B1D9400CFF196 = {
						CreatedOnToolsVersion = 13.4.1;
					};
					B5B840EF292B1D9600CFF196 = {
						CreatedOnToolsVersion = 13.4.1;
						TestTargetID = B5B840DF292B1D9400CFF196;
					};
					B5B840F9292B1D9600CFF196 = {
						CreatedOnToolsVersion = 13.4.1;
						TestTargetID = B5B840DF292B1D9400CFF196;
					};
				};
			};
			buildConfigurationList = B5B840DB292B1D9400CFF196 /* Build configuration list for PBXProject "RealEstate" */;
			compatibilityVersion = "Xcode 13.0";
			developmentRegion = en;
			hasScannedForEncodings = 0;
			knownRegions = (
				en,
				Base,
			);
			mainGroup = B5B840D7292B1D9400CFF196;
			productRefGroup = B5B840E1292B1D9400CFF196 /* Products */;
			projectDirPath = "";
			projectRoot = "";
			targets = (
				B5B840DF292B1D9400CFF196 /* RealEstate */,
				B5B840EF292B1D9600CFF196 /* RealEstateTests */,
				B5B840F9292B1D9600CFF196 /* RealEstateUITests */,
			);
		};
/* End PBXProject section */

/* Begin PBXResourcesBuildPhase section */
		B5B840DE292B1D9400CFF196 /* Resources */ = {
			isa = PBXResourcesBuildPhase;
			buildActionMask = 2147483647;
			files = (
				B5B840EB292B1D9600CFF196 /* Preview Assets.xcassets in Resources */,
				B5B840E8292B1D9600CFF196 /* Assets.xcassets in Resources */,
			);
			runOnlyForDeploymentPostprocessing = 0;
		};
		B5B840EE292B1D9600CFF196 /* Resources */ = {
			isa = PBXResourcesBuildPhase;
			buildActionMask = 2147483647;
			files = (
			);
			runOnlyForDeploymentPostprocessing = 0;
		};
		B5B840F8292B1D9600CFF196 /* Resources */ = {
			isa = PBXResourcesBuildPhase;
			buildActionMask = 2147483647;
			files = (
			);
			runOnlyForDeploymentPostprocessing = 0;
		};
/* End PBXResourcesBuildPhase section */

/* Begin PBXSourcesBuildPhase section */
		B5B840DC292B1D9400CFF196 /* Sources */ = {
			isa = PBXSourcesBuildPhase;
			buildActionMask = 2147483647;
			files = (
				B5B840E6292B1D9400CFF196 /* ContentView.swift in Sources */,
				B5B840E4292B1D9400CFF196 /* RealEstateApp.swift in Sources */,
			);
			runOnlyForDeploymentPostprocessing = 0;
		};
		B5B840EC292B1D9600CFF196 /* Sources */ = {
			isa = PBXSourcesBuildPhase;
			buildActionMask = 2147483647;
			files = (
				B5B840F5292B1D9600CFF196 /* RealEstateTests.swift in Sources */,
			);
			runOnlyForDeploymentPostprocessing = 0;
		};
		B5B840F6292B1D9600CFF196 /* Sources */ = {
			isa = PBXSourcesBuildPhase;
			buildActionMask = 2147483647;
			files = (
				B5B84101292B1D9600CFF196 /* RealEstateUITestsLaunchTests.swift in Sources */,
				B5B840FF292B1D9600CFF196 /* RealEstateUITests.swift in Sources */,
			);
			runOnlyForDeploymentPostprocessing = 0;
		};
/* End PBXSourcesBuildPhase section */

/* Begin PBXTargetDependency section */
		B5B840F2292B1D9600CFF196 /* PBXTargetDependency */ = {
			isa = PBXTargetDependency;
			target = B5B840DF292B1D9400CFF196 /* RealEstate */;
			targetProxy = B5B840F1292B1D9600CFF196 /* PBXContainerItemProxy */;
		};
		B5B840FC292B1D9600CFF196 /* PBXTargetDependency */ = {
			isa = PBXTargetDependency;
			target = B5B840DF292B1D9400CFF196 /* RealEstate */;
			targetProxy = B5B840FB292B1D9600CFF196 /* PBXContainerItemProxy */;
		};
/* End PBXTargetDependency section */

/* Begin XCBuildConfiguration section */
		B5B84102292B1D9600CFF196 /* Debug */ = {
			isa = XCBuildConfiguration;
			buildSettings = {
				ALWAYS_SEARCH_USER_PATHS = NO;
				CLANG_ANALYZER_NONNULL = YES;
				CLANG_ANALYZER_NUMBER_OBJECT_CONVERSION = YES_AGGRESSIVE;
				CLANG_CXX_LANGUAGE_STANDARD = "gnu++17";
				CLANG_ENABLE_MODULES = YES;
				CLANG_ENABLE_OBJC_ARC = YES;
				CLANG_ENABLE_OBJC_WEAK = YES;
				CLANG_WARN_BLOCK_CAPTURE_AUTORELEASING = YES;
				CLANG_WARN_BOOL_CONVERSION = YES;
				CLANG_WARN_COMMA = YES;
				CLANG_WARN_CONSTANT_CONVERSION = YES;
				CLANG_WARN_DEPRECATED_OBJC_IMPLEMENTATIONS = YES;
				CLANG_WARN_DIRECT_OBJC_ISA_USAGE = YES_ERROR;
				CLANG_WARN_DOCUMENTATION_COMMENTS = YES;
				CLANG_WARN_EMPTY_BODY = YES;
				CLANG_WARN_ENUM_CONVERSION = YES;
				CLANG_WARN_INFINITE_RECURSION = YES;
				CLANG_WARN_INT_CONVERSION = YES;
				CLANG_WARN_NON_LITERAL_NULL_CONVERSION = YES;
				CLANG_WARN_OBJC_IMPLICIT_RETAIN_SELF = YES;
				CLANG_WARN_OBJC_LITERAL_CONVERSION = YES;
				CLANG_WARN_OBJC_ROOT_CLASS = YES_ERROR;
				CLANG_WARN_QUOTED_INCLUDE_IN_FRAMEWORK_HEADER = YES;
				CLANG_WARN_RANGE_LOOP_ANALYSIS = YES;
				CLANG_WARN_STRICT_PROTOTYPES = YES;
				CLANG_WARN_SUSPICIOUS_MOVE = YES;
				CLANG_WARN_UNGUARDED_AVAILABILITY = YES_AGGRESSIVE;
				CLANG_WARN_UNREACHABLE_CODE = YES;
				CLANG_WARN__DUPLICATE_METHOD_MATCH = YES;
				COPY_PHASE_STRIP = NO;
				DEBUG_INFORMATION_FORMAT = dwarf;
				ENABLE_STRICT_OBJC_MSGSEND = YES;
				ENABLE_TESTABILITY = YES;
				GCC_C_LANGUAGE_STANDARD = gnu11;
				GCC_DYNAMIC_NO_PIC = NO;
				GCC_NO_COMMON_BLOCKS = YES;
				GCC_OPTIMIZATION_LEVEL = 0;
				GCC_PREPROCESSOR_DEFINITIONS = (
					"DEBUG=1",
					"$(inherited)",
				);
				GCC_WARN_64_TO_32_BIT_CONVERSION = YES;
				GCC_WARN_ABOUT_RETURN_TYPE = YES_ERROR;
				GCC_WARN_UNDECLARED_SELECTOR = YES;
				GCC_WARN_UNINITIALIZED_AUTOS = YES_AGGRESSIVE;
				GCC_WARN_UNUSED_FUNCTION = YES;
				GCC_WARN_UNUSED_VARIABLE = YES;
				IPHONEOS_DEPLOYMENT_TARGET = 15.5;
				MTL_ENABLE_DEBUG_INFO = INCLUDE_SOURCE;
				MTL_FAST_MATH = YES;
				ONLY_ACTIVE_ARCH = YES;
				SDKROOT = iphoneos;
				SWIFT_ACTIVE_COMPILATION_CONDITIONS = DEBUG;
				SWIFT_OPTIMIZATION_LEVEL = "-Onone";
			};
			name = Debug;
		};
		B5B84103292B1D9600CFF196 /* Release */ = {
			isa = XCBuildConfiguration;
			buildSettings = {
				ALWAYS_SEARCH_USER_PATHS = NO;
				CLANG_ANALYZER_NONNULL = YES;
				CLANG_ANALYZER_NUMBER_OBJECT_CONVERSION = YES_AGGRESSIVE;
				CLANG_CXX_LANGUAGE_STANDARD = "gnu++17";
				CLANG_ENABLE_MODULES = YES;
				CLANG_ENABLE_OBJC_ARC = YES;
				CLANG_ENABLE_OBJC_WEAK = YES;
				CLANG_WARN_BLOCK_CAPTURE_AUTORELEASING = YES;
				CLANG_WARN_BOOL_CONVERSION = YES;
				CLANG_WARN_COMMA = YES;
				CLANG_WARN_CONSTANT_CONVERSION = YES;
				CLANG_WARN_DEPRECATED_OBJC_IMPLEMENTATIONS = YES;
				CLANG_WARN_DIRECT_OBJC_ISA_USAGE = YES_ERROR;
				CLANG_WARN_DOCUMENTATION_COMMENTS = YES;
				CLANG_WARN_EMPTY_BODY = YES;
				CLANG_WARN_ENUM_CONVERSION = YES;
				CLANG_WARN_INFINITE_RECURSION = YES;
				CLANG_WARN_INT_CONVERSION = YES;
				CLANG_WARN_NON_LITERAL_NULL_CONVERSION = YES;
				CLANG_WARN_OBJC_IMPLICIT_RETAIN_SELF = YES;
				CLANG_WARN_OBJC_LITERAL_CONVERSION = YES;
				CLANG_WARN_OBJC_ROOT_CLASS = YES_ERROR;
				CLANG_WARN_QUOTED_INCLUDE_IN_FRAMEWORK_HEADER = YES;
				CLANG_WARN_RANGE_LOOP_ANALYSIS = YES;
				CLANG_WARN_STRICT_PROTOTYPES = YES;
				CLANG_WARN_SUSPICIOUS_MOVE = YES;
				CLANG_WARN_UNGUARDED_AVAILABILITY = YES_AGGRESSIVE;
				CLANG_WARN_UNREACHABLE_CODE = YES;
				CLANG_WARN__DUPLICATE_METHOD_MATCH = YES;
				COPY_PHASE_STRIP = NO;
				DEBUG_INFORMATION_FORMAT = "dwarf-with-dsym";
				ENABLE_NS_ASSERTIONS = NO;
				ENABLE_STRICT_OBJC_MSGSEND = YES;
				GCC_C_LANGUAGE_STANDARD = gnu11;
				GCC_NO_COMMON_BLOCKS = YES;
				GCC_WARN_64_TO_32_BIT_CONVERSION = YES;
				GCC_WARN_ABOUT_RETURN_TYPE = YES_ERROR;
				GCC_WARN_UNDECLARED_SELECTOR = YES;
				GCC_WARN_UNINITIALIZED_AUTOS = YES_AGGRESSIVE;
				GCC_WARN_UNUSED_FUNCTION = YES;
				GCC_WARN_UNUSED_VARIABLE = YES;
				IPHONEOS_DEPLOYMENT_TARGET = 15.5;
				MTL_ENABLE_DEBUG_INFO = NO;
				MTL_FAST_MATH = YES;
				SDKROOT = iphoneos;
				SWIFT_COMPILATION_MODE = wholemodule;
				SWIFT_OPTIMIZATION_LEVEL = "-O";
				VALIDATE_PRODUCT = YES;
			};
			name = Release;
		};
		B5B84105292B1D9600CFF196 /* Debug */ = {
			isa = XCBuildConfiguration;
			buildSettings = {
				ASSETCATALOG_COMPILER_APPICON_NAME = AppIcon;
				ASSETCATALOG_COMPILER_GLOBAL_ACCENT_COLOR_NAME = AccentColor;
				CODE_SIGN_STYLE = Automatic;
				CURRENT_PROJECT_VERSION = 1;
				DEVELOPMENT_ASSET_PATHS = "\"RealEstate/Preview Content\"";
				DEVELOPMENT_TEAM = RY2W95Z4GF;
				ENABLE_PREVIEWS = YES;
				GENERATE_INFOPLIST_FILE = YES;
				INFOPLIST_KEY_UIApplicationSceneManifest_Generation = YES;
				INFOPLIST_KEY_UIApplicationSupportsIndirectInputEvents = YES;
				INFOPLIST_KEY_UILaunchScreen_Generation = YES;
				INFOPLIST_KEY_UISupportedInterfaceOrientations_iPad = "UIInterfaceOrientationPortrait UIInterfaceOrientationPortraitUpsideDown UIInterfaceOrientationLandscapeLeft UIInterfaceOrientationLandscapeRight";
				INFOPLIST_KEY_UISupportedInterfaceOrientations_iPhone = "UIInterfaceOrientationPortrait UIInterfaceOrientationLandscapeLeft UIInterfaceOrientationLandscapeRight";
				LD_RUNPATH_SEARCH_PATHS = (
					"$(inherited)",
					"@executable_path/Frameworks",
				);
				MARKETING_VERSION = 1.0;
				PRODUCT_BUNDLE_IDENTIFIER = sfsu.RealEstate;
				PRODUCT_NAME = "$(TARGET_NAME)";
				SWIFT_EMIT_LOC_STRINGS = YES;
				SWIFT_VERSION = 5.0;
				TARGETED_DEVICE_FAMILY = "1,2";
			};
			name = Debug;
		};
		B5B84106292B1D9600CFF196 /* Release */ = {
			isa = XCBuildConfiguration;
			buildSettings = {
				ASSETCATALOG_COMPILER_APPICON_NAME = AppIcon;
				ASSETCATALOG_COMPILER_GLOBAL_ACCENT_COLOR_NAME = AccentColor;
				CODE_SIGN_STYLE = Automatic;
				CURRENT_PROJECT_VERSION = 1;
				DEVELOPMENT_ASSET_PATHS = "\"RealEstate/Preview Content\"";
				DEVELOPMENT_TEAM = RY2W95Z4GF;
				ENABLE_PREVIEWS = YES;
				GENERATE_INFOPLIST_FILE = YES;
				INFOPLIST_KEY_UIApplicationSceneManifest_Generation = YES;
				INFOPLIST_KEY_UIApplicationSupportsIndirectInputEvents = YES;
				INFOPLIST_KEY_UILaunchScreen_Generation = YES;
				INFOPLIST_KEY_UISupportedInterfaceOrientations_iPad = "UIInterfaceOrientationPortrait UIInterfaceOrientationPortraitUpsideDown UIInterfaceOrientationLandscapeLeft UIInterfaceOrientationLandscapeRight";
				INFOPLIST_KEY_UISupportedInterfaceOrientations_iPhone = "UIInterfaceOrientationPortrait UIInterfaceOrientationLandscapeLeft UIInterfaceOrientationLandscapeRight";
				LD_RUNPATH_SEARCH_PATHS = (
					"$(inherited)",
					"@executable_path/Frameworks",
				);
				MARKETING_VERSION = 1.0;
				PRODUCT_BUNDLE_IDENTIFIER = sfsu.RealEstate;
				PRODUCT_NAME = "$(TARGET_NAME)";
				SWIFT_EMIT_LOC_STRINGS = YES;
				SWIFT_VERSION = 5.0;
				TARGETED_DEVICE_FAMILY = "1,2";
			};
			name = Release;
		};
		B5B84108292B1D9600CFF196 /* Debug */ = {
			isa = XCBuildConfiguration;
			buildSettings = {
				ALWAYS_EMBED_SWIFT_STANDARD_LIBRARIES = YES;
				BUNDLE_LOADER = "$(TEST_HOST)";
				CODE_SIGN_STYLE = Automatic;
				CURRENT_PROJECT_VERSION = 1;
				DEVELOPMENT_TEAM = RY2W95Z4GF;
				GENERATE_INFOPLIST_FILE = YES;
				IPHONEOS_DEPLOYMENT_TARGET = 15.5;
				MARKETING_VERSION = 1.0;
				PRODUCT_BUNDLE_IDENTIFIER = sfsu.RealEstateTests;
				PRODUCT_NAME = "$(TARGET_NAME)";
				SWIFT_EMIT_LOC_STRINGS = NO;
				SWIFT_VERSION = 5.0;
				TARGETED_DEVICE_FAMILY = "1,2";
				TEST_HOST = "$(BUILT_PRODUCTS_DIR)/RealEstate.app/RealEstate";
			};
			name = Debug;
		};
		B5B84109292B1D9600CFF196 /* Release */ = {
			isa = XCBuildConfiguration;
			buildSettings = {
				ALWAYS_EMBED_SWIFT_STANDARD_LIBRARIES = YES;
				BUNDLE_LOADER = "$(TEST_HOST)";
				CODE_SIGN_STYLE = Automatic;
				CURRENT_PROJECT_VERSION = 1;
				DEVELOPMENT_TEAM = RY2W95Z4GF;
				GENERATE_INFOPLIST_FILE = YES;
				IPHONEOS_DEPLOYMENT_TARGET = 15.5;
				MARKETING_VERSION = 1.0;
				PRODUCT_BUNDLE_IDENTIFIER = sfsu.RealEstateTests;
				PRODUCT_NAME = "$(TARGET_NAME)";
				SWIFT_EMIT_LOC_STRINGS = NO;
				SWIFT_VERSION = 5.0;
				TARGETED_DEVICE_FAMILY = "1,2";
				TEST_HOST = "$(BUILT_PRODUCTS_DIR)/RealEstate.app/RealEstate";
			};
			name = Release;
		};
		B5B8410B292B1D9600CFF196 /* Debug */ = {
			isa = XCBuildConfiguration;
			buildSettings = {
				ALWAYS_EMBED_SWIFT_STANDARD_LIBRARIES = YES;
				CODE_SIGN_STYLE = Automatic;
				CURRENT_PROJECT_VERSION = 1;
				DEVELOPMENT_TEAM = RY2W95Z4GF;
				GENERATE_INFOPLIST_FILE = YES;
				MARKETING_VERSION = 1.0;
				PRODUCT_BUNDLE_IDENTIFIER = sfsu.RealEstateUITests;
				PRODUCT_NAME = "$(TARGET_NAME)";
				SWIFT_EMIT_LOC_STRINGS = NO;
				SWIFT_VERSION = 5.0;
				TARGETED_DEVICE_FAMILY = "1,2";
				TEST_TARGET_NAME = RealEstate;
			};
			name = Debug;
		};
		B5B8410C292B1D9600CFF196 /* Release */ = {
			isa = XCBuildConfiguration;
			buildSettings = {
				ALWAYS_EMBED_SWIFT_STANDARD_LIBRARIES = YES;
				CODE_SIGN_STYLE = Automatic;
				CURRENT_PROJECT_VERSION = 1;
				DEVELOPMENT_TEAM = RY2W95Z4GF;
				GENERATE_INFOPLIST_FILE = YES;
				MARKETING_VERSION = 1.0;
				PRODUCT_BUNDLE_IDENTIFIER = sfsu.RealEstateUITests;
				PRODUCT_NAME = "$(TARGET_NAME)";
				SWIFT_EMIT_LOC_STRINGS = NO;
				SWIFT_VERSION = 5.0;
				TARGETED_DEVICE_FAMILY = "1,2";
				TEST_TARGET_NAME = RealEstate;
			};
			name = Release;
		};
/* End XCBuildConfiguration section */

/* Begin XCConfigurationList section */
		B5B840DB292B1D9400CFF196 /* Build configuration list for PBXProject "RealEstate" */ = {
			isa = XCConfigurationList;
			buildConfigurations = (
				B5B84102292B1D9600CFF196 /* Debug */,
				B5B84103292B1D9600CFF196 /* Release */,
			);
			defaultConfigurationIsVisible = 0;
			defaultConfigurationName = Release;
		};
		B5B84104292B1D9600CFF196 /* Build configuration list for PBXNativeTarget "RealEstate" */ = {
			isa = XCConfigurationList;
			buildConfigurations = (
				B5B84105292B1D9600CFF196 /* Debug */,
				B5B84106292B1D9600CFF196 /* Release */,
			);
			defaultConfigurationIsVisible = 0;
			defaultConfigurationName = Release;
		};
		B5B84107292B1D9600CFF196 /* Build configuration list for PBXNativeTarget "RealEstateTests" */ = {
			isa = XCConfigurationList;
			buildConfigurations = (
				B5B84108292B1D9600CFF196 /* Debug */,
				B5B84109292B1D9600CFF196 /* Release */,
			);
			defaultConfigurationIsVisible = 0;
			defaultConfigurationName = Release;
		};
		B5B8410A292B1D9600CFF196 /* Build configuration list for PBXNativeTarget "RealEstateUITests" */ = {
			isa = XCConfigurationList;
			buildConfigurations = (
				B5B8410B292B1D9600CFF196 /* Debug */,
				B5B8410C292B1D9600CFF196 /* Release */,
			);
			defaultConfigurationIsVisible = 0;
			defaultConfigurationName = Release;
		};
/* End XCConfigurationList section */
	};
	rootObject = B5B840D8292B1D9400CFF196 /* Project object */;
}
